
Microsoft Visual Studio Solution File, Format Version 12.00
# Visual Studio 15
VisualStudioVersion = 15.0.28010.2046
MinimumVisualStudioVersion = 10.0.40219.1
Project("{FAE04EC0-301F-11D3-BF4B-00C04F79EFBC}") = "SevenMod", "SevenMod\SevenMod.csproj", "{13679247-136C-4816-A745-185E973C0C06}"
EndProject
Project("{FAE04EC0-301F-11D3-BF4B-00C04F79EFBC}") = "Plugin-BaseVotes", "Plugin-BaseVotes\Plugin-BaseVotes.csproj", "{DA414FC7-D32C-4B16-9C7A-E2AB787CB0AA}"
EndProject
Project("{FAE04EC0-301F-11D3-BF4B-00C04F79EFBC}") = "Plugin-BaseCommands", "Plugin-BaseCommands\Plugin-BaseCommands.csproj", "{BD4D309A-0F57-453A-A183-9B21C25D5484}"
EndProject
Project("{FAE04EC0-301F-11D3-BF4B-00C04F79EFBC}") = "Plugin-BaseBans", "Plugin-BaseBans\Plugin-BaseBans.csproj", "{71C557FD-39B5-413A-8977-30E7EB538AF4}"
EndProject
Project("{FAE04EC0-301F-11D3-BF4B-00C04F79EFBC}") = "Plugin-AdminFlatFile", "Plugin-AdminFlatFile\Plugin-AdminFlatFile.csproj", "{F794B914-E660-4262-8E25-2429DE13ADD8}"
EndProject
Project("{FAE04EC0-301F-11D3-BF4B-00C04F79EFBC}") = "Plugin-AdminSQL", "Plugin-AdminSQL\Plugin-AdminSQL.csproj", "{42CDA821-6555-4139-8E62-95F5169286F0}"
EndProject
Project("{FAE04EC0-301F-11D3-BF4B-00C04F79EFBC}") = "Plugin-PlayerCommands", "Plugin-PlayerCommands\Plugin-PlayerCommands.csproj", "{2C7146F3-5BE0-47F8-B5A9-36954FE1D458}"
EndProject
Project("{FAE04EC0-301F-11D3-BF4B-00C04F79EFBC}") = "Plugin-BaseChat", "Plugin-BaseChat\Plugin-BaseChat.csproj", "{324E1D38-C0A5-4602-AC13-5FB6D03E9B41}"
EndProject
Project("{FAE04EC0-301F-11D3-BF4B-00C04F79EFBC}") = "Plugin-ReservedSlots", "Plugin-ReservedSlots\Plugin-ReservedSlots.csproj", "{92DEDBB6-C202-4E23-8960-47BFC3736D94}"
EndProject
Project("{FAE04EC0-301F-11D3-BF4B-00C04F79EFBC}") = "Plugin-AntiFlood", "Plugin-AntiFlood\Plugin-AntiFlood.csproj", "{71BEFA3B-6D59-4CC6-B759-3C974A327E09}"
EndProject
Global
	GlobalSection(SolutionConfigurationPlatforms) = preSolution
		Debug|Any CPU = Debug|Any CPU
		Release|Any CPU = Release|Any CPU
	EndGlobalSection
	GlobalSection(ProjectConfigurationPlatforms) = postSolution
		{13679247-136C-4816-A745-185E973C0C06}.Debug|Any CPU.ActiveCfg = Debug|Any CPU
		{13679247-136C-4816-A745-185E973C0C06}.Debug|Any CPU.Build.0 = Debug|Any CPU
		{13679247-136C-4816-A745-185E973C0C06}.Release|Any CPU.ActiveCfg = Release|Any CPU
		{13679247-136C-4816-A745-185E973C0C06}.Release|Any CPU.Build.0 = Release|Any CPU
		{DA414FC7-D32C-4B16-9C7A-E2AB787CB0AA}.Debug|Any CPU.ActiveCfg = Debug|Any CPU
		{DA414FC7-D32C-4B16-9C7A-E2AB787CB0AA}.Debug|Any CPU.Build.0 = Debug|Any CPU
		{DA414FC7-D32C-4B16-9C7A-E2AB787CB0AA}.Release|Any CPU.ActiveCfg = Release|Any CPU
		{DA414FC7-D32C-4B16-9C7A-E2AB787CB0AA}.Release|Any CPU.Build.0 = Release|Any CPU
		{BD4D309A-0F57-453A-A183-9B21C25D5484}.Debug|Any CPU.ActiveCfg = Debug|Any CPU
		{BD4D309A-0F57-453A-A183-9B21C25D5484}.Debug|Any CPU.Build.0 = Debug|Any CPU
		{BD4D309A-0F57-453A-A183-9B21C25D5484}.Release|Any CPU.ActiveCfg = Release|Any CPU
		{BD4D309A-0F57-453A-A183-9B21C25D5484}.Release|Any CPU.Build.0 = Release|Any CPU
		{71C557FD-39B5-413A-8977-30E7EB538AF4}.Debug|Any CPU.ActiveCfg = Debug|Any CPU
		{71C557FD-39B5-413A-8977-30E7EB538AF4}.Debug|Any CPU.Build.0 = Debug|Any CPU
		{71C557FD-39B5-413A-8977-30E7EB538AF4}.Release|Any CPU.ActiveCfg = Release|Any CPU
		{71C557FD-39B5-413A-8977-30E7EB538AF4}.Release|Any CPU.Build.0 = Release|Any CPU
		{F794B914-E660-4262-8E25-2429DE13ADD8}.Debug|Any CPU.ActiveCfg = Debug|Any CPU
		{F794B914-E660-4262-8E25-2429DE13ADD8}.Debug|Any CPU.Build.0 = Debug|Any CPU
		{F794B914-E660-4262-8E25-2429DE13ADD8}.Release|Any CPU.ActiveCfg = Release|Any CPU
		{F794B914-E660-4262-8E25-2429DE13ADD8}.Release|Any CPU.Build.0 = Release|Any CPU
		{42CDA821-6555-4139-8E62-95F5169286F0}.Debug|Any CPU.ActiveCfg = Debug|Any CPU
		{42CDA821-6555-4139-8E62-95F5169286F0}.Debug|Any CPU.Build.0 = Debug|Any CPU
		{42CDA821-6555-4139-8E62-95F5169286F0}.Release|Any CPU.ActiveCfg = Release|Any CPU
		{42CDA821-6555-4139-8E62-95F5169286F0}.Release|Any CPU.Build.0 = Release|Any CPU
		{2C7146F3-5BE0-47F8-B5A9-36954FE1D458}.Debug|Any CPU.ActiveCfg = Debug|Any CPU
		{2C7146F3-5BE0-47F8-B5A9-36954FE1D458}.Debug|Any CPU.Build.0 = Debug|Any CPU
		{2C7146F3-5BE0-47F8-B5A9-36954FE1D458}.Release|Any CPU.ActiveCfg = Release|Any CPU
		{2C7146F3-5BE0-47F8-B5A9-36954FE1D458}.Release|Any CPU.Build.0 = Release|Any CPU
		{324E1D38-C0A5-4602-AC13-5FB6D03E9B41}.Debug|Any CPU.ActiveCfg = Debug|Any CPU
		{324E1D38-C0A5-4602-AC13-5FB6D03E9B41}.Debug|Any CPU.Build.0 = Debug|Any CPU
		{324E1D38-C0A5-4602-AC13-5FB6D03E9B41}.Release|Any CPU.ActiveCfg = Release|Any CPU
		{324E1D38-C0A5-4602-AC13-5FB6D03E9B41}.Release|Any CPU.Build.0 = Release|Any CPU
		{92DEDBB6-C202-4E23-8960-47BFC3736D94}.Debug|Any CPU.ActiveCfg = Debug|Any CPU
		{92DEDBB6-C202-4E23-8960-47BFC3736D94}.Debug|Any CPU.Build.0 = Debug|Any CPU
		{92DEDBB6-C202-4E23-8960-47BFC3736D94}.Release|Any CPU.ActiveCfg = Release|Any CPU
		{92DEDBB6-C202-4E23-8960-47BFC3736D94}.Release|Any CPU.Build.0 = Release|Any CPU
		{71BEFA3B-6D59-4CC6-B759-3C974A327E09}.Debug|Any CPU.ActiveCfg = Debug|Any CPU
		{71BEFA3B-6D59-4CC6-B759-3C974A327E09}.Debug|Any CPU.Build.0 = Debug|Any CPU
		{71BEFA3B-6D59-4CC6-B759-3C974A327E09}.Release|Any CPU.ActiveCfg = Release|Any CPU
		{71BEFA3B-6D59-4CC6-B759-3C974A327E09}.Release|Any CPU.Build.0 = Release|Any CPU
	EndGlobalSection
	GlobalSection(SolutionProperties) = preSolution
		HideSolutionNode = FALSE
	EndGlobalSection
	GlobalSection(ExtensibilityGlobals) = postSolution
		SolutionGuid = {4D3BEF24-1918-4958-BB3B-9C9EAA2E6E2B}
	EndGlobalSection
EndGlobal
